
Microsoft Visual Studio Solution File, Format Version 12.00
# Visual Studio 15
VisualStudioVersion = 15.0.27130.2026
MinimumVisualStudioVersion = 10.0.40219.1
Project("{9A19103F-16F7-4668-BE54-9A1E7A4F7556}") = "JeremyTCD.DocFx.Plugins.SearchIndexGenerator", "src\JeremyTCD.DocFx.Plugins.SearchIndexGenerator\JeremyTCD.DocFx.Plugins.SearchIndexGenerator.csproj", "{F1F3B25D-B229-4B22-B2FB-4A840D89863F}"
EndProject
Project("{2150E333-8FDC-42A3-9474-1A3956D46DE8}") = "Solution Items", "Solution Items", "{29CB4088-4A8F-4AB4-96C7-24C570A27DAF}"
	ProjectSection(SolutionItems) = preProject
		.gitattributes = .gitattributes
		.gitignore = .gitignore
		appveyor.yml = appveyor.yml
		License.txt = License.txt
		ReadMe.md = ReadMe.md
	EndProjectSection
EndProject
Global
	GlobalSection(SolutionConfigurationPlatforms) = preSolution
		Debug|Any CPU = Debug|Any CPU
		Release|Any CPU = Release|Any CPU
	EndGlobalSection
	GlobalSection(ProjectConfigurationPlatforms) = postSolution
		{F1F3B25D-B229-4B22-B2FB-4A840D89863F}.Debug|Any CPU.ActiveCfg = Debug|Any CPU
		{F1F3B25D-B229-4B22-B2FB-4A840D89863F}.Debug|Any CPU.Build.0 = Debug|Any CPU
		{F1F3B25D-B229-4B22-B2FB-4A840D89863F}.Release|Any CPU.ActiveCfg = Release|Any CPU
		{F1F3B25D-B229-4B22-B2FB-4A840D89863F}.Release|Any CPU.Build.0 = Release|Any CPU
	EndGlobalSection
	GlobalSection(SolutionProperties) = preSolution
		HideSolutionNode = FALSE
	EndGlobalSection
	GlobalSection(ExtensibilityGlobals) = postSolution
		SolutionGuid = {0512E7E6-A38B-447D-9F81-3ED19AFE7DA5}
	EndGlobalSection
EndGlobal
